{
  "lockfile_version": "1",
  "packages": {
    "curl@latest": {
      "last_modified": "2024-07-27T09:52:18Z",
      "resolved": "github:NixOS/nixpkgs/e36e9f57337d0ff0cf77aceb58af4c805472bfae#curl",
      "source": "devbox-search",
      "version": "8.8.0",
      "systems": {
        "aarch64-darwin": {
          "outputs": [
            {
              "name": "bin",
              "path": "/nix/store/qj4d3mkgjiafpi30bw3mpy7473gcvfxh-curl-8.8.0-bin",
              "default": true
            },
            {
              "name": "man",
              "path": "/nix/store/8kp176i366ypmq2sici1kjdb4xg1ykca-curl-8.8.0-man",
              "default": true
            },
            {
              "name": "out",
              "path": "/nix/store/b2p5kmr57a6ksvdwyd79j6v4k31jn33z-curl-8.8.0"
            },
            {
              "name": "dev",
              "path": "/nix/store/la5cg4gh0l6vpcprmd38hmqk21zfrx3b-curl-8.8.0-dev"
            },
            {
              "name": "devdoc",
              "path": "/nix/store/5lj8bhs1xvaxwmmw7w6kn7v81h4q7kx1-curl-8.8.0-devdoc"
            }
          ],
          "store_path": "/nix/store/qj4d3mkgjiafpi30bw3mpy7473gcvfxh-curl-8.8.0-bin"
        },
        "aarch64-linux": {
          "outputs": [
            {
              "name": "bin",
              "path": "/nix/store/90y3x7xm92lazklx49jh73dmb0fwjap6-curl-8.8.0-bin",
              "default": true
            },
            {
              "name": "man",
              "path": "/nix/store/590zd5x5sjk4r7m0hwkc0055fddbh9m9-curl-8.8.0-man",
              "default": true
            },
            {
              "name": "debug",
              "path": "/nix/store/nd7a3bm25yxgmzc204yhjq7xfwn0skky-curl-8.8.0-debug"
            },
            {
              "name": "dev",
              "path": "/nix/store/m2ix50bygbbyjj8p1gd2l2sb2grzc4pl-curl-8.8.0-dev"
            },
            {
              "name": "devdoc",
              "path": "/nix/store/h6imksjv3p1igaqqbba0qcywn8vlynds-curl-8.8.0-devdoc"
            },
            {
              "name": "out",
              "path": "/nix/store/zi89x2zjl6d31bhs3y1x1bf440axrdh3-curl-8.8.0"
            }
          ],
          "store_path": "/nix/store/90y3x7xm92lazklx49jh73dmb0fwjap6-curl-8.8.0-bin"
        },
        "x86_64-darwin": {
          "outputs": [
            {
              "name": "bin",
              "path": "/nix/store/b6v77kaglx2sq11ldrhfxwhx9pasmy8r-curl-8.8.0-bin",
              "default": true
            },
            {
              "name": "man",
              "path": "/nix/store/ah33jav9ar8a81rhf64n9ifbsv9bhbg1-curl-8.8.0-man",
              "default": true
            },
            {
              "name": "devdoc",
              "path": "/nix/store/7dl7jgrydprljqc414k0q5iimqyip1yk-curl-8.8.0-devdoc"
            },
            {
              "name": "out",
              "path": "/nix/store/k2pyrv7za9vq6slrkndl1rsk679j54fr-curl-8.8.0"
            },
            {
              "name": "dev",
              "path": "/nix/store/46x2hmryzbvx20c31yl4ca9fkrkjg3bk-curl-8.8.0-dev"
            }
          ],
          "store_path": "/nix/store/b6v77kaglx2sq11ldrhfxwhx9pasmy8r-curl-8.8.0-bin"
        },
        "x86_64-linux": {
          "outputs": [
            {
              "name": "bin",
              "path": "/nix/store/did64gsb4sn6xvylw6cswa7697avdrsb-curl-8.8.0-bin",
              "default": true
            },
            {
              "name": "man",
              "path": "/nix/store/aqbglj841rmaxk8ngbf5wilakwqw2wyb-curl-8.8.0-man",
              "default": true
            },
            {
              "name": "out",
              "path": "/nix/store/nbnlwb2crbbg9kwchflrwap6w7icf3ah-curl-8.8.0"
            },
            {
              "name": "debug",
              "path": "/nix/store/9nqslsdd8r8wxhmgw8yl6l1qc2v009pp-curl-8.8.0-debug"
            },
            {
              "name": "dev",
              "path": "/nix/store/x7s28vblgi5xwzgxfh5sll9f28hdgi48-curl-8.8.0-dev"
            },
            {
              "name": "devdoc",
              "path": "/nix/store/2bjzhf7skvllpb2n6cbqnhcchbqnmzab-curl-8.8.0-devdoc"
            }
          ],
          "store_path": "/nix/store/did64gsb4sn6xvylw6cswa7697avdrsb-curl-8.8.0-bin"
        }
      }
    },
    "github:NixOS/nixpkgs/nixpkgs-unstable": {
      "resolved": "github:NixOS/nixpkgs/bfa9810ff7104a17555ab68ebdeafb6705f129b1?lastModified=1742546557&narHash=sha256-QyhimDBaDBtMfRc7kyL28vo%2BHTwXRPq3hz%2BBgSJDotw%3D"
    },
    "netcat-gnu@0.7.1": {
      "last_modified": "2024-07-07T07:43:47Z",
      "resolved": "github:NixOS/nixpkgs/b60793b86201040d9dee019a05089a9150d08b5b#netcat-gnu",
      "source": "devbox-search",
      "version": "0.7.1",
      "systems": {
        "aarch64-darwin": {
          "outputs": [
            {
              "name": "out",
              "path": "/nix/store/k3wjiwn225zq4bq93vln8af8y10cqxb2-netcat-gnu-0.7.1",
              "default": true
            }
          ],
          "store_path": "/nix/store/k3wjiwn225zq4bq93vln8af8y10cqxb2-netcat-gnu-0.7.1"
        },
        "aarch64-linux": {
          "outputs": [
            {
              "name": "out",
              "path": "/nix/store/xdbyzpxnz396v0s57cbmdkq4vdhnzcpm-netcat-gnu-0.7.1",
              "default": true
            }
          ],
          "store_path": "/nix/store/xdbyzpxnz396v0s57cbmdkq4vdhnzcpm-netcat-gnu-0.7.1"
        },
        "x86_64-darwin": {
          "outputs": [
            {
              "name": "out",
              "path": "/nix/store/x6wdlpra3c1a81lxk7vq9rcw2s748mrx-netcat-gnu-0.7.1",
              "default": true
            }
          ],
          "store_path": "/nix/store/x6wdlpra3c1a81lxk7vq9rcw2s748mrx-netcat-gnu-0.7.1"
        },
        "x86_64-linux": {
          "outputs": [
            {
              "name": "out",
              "path": "/nix/store/yzmg9w1i7gipfvy9am1cp6n4v9hiybf5-netcat-gnu-0.7.1",
              "default": true
            }
          ],
          "store_path": "/nix/store/yzmg9w1i7gipfvy9am1cp6n4v9hiybf5-netcat-gnu-0.7.1"
        }
      }
    },
    "nushell@latest": {
      "last_modified": "2024-07-31T08:48:38Z",
      "resolved": "github:NixOS/nixpkgs/c3392ad349a5227f4a3464dce87bcc5046692fce#nushell",
      "source": "devbox-search",
      "version": "0.96.1",
      "systems": {
        "aarch64-darwin": {
          "outputs": [
            {
              "name": "out",
              "path": "/nix/store/s38075cwda5rphch36sp2rcqhx1sj11v-nushell-0.96.1",
              "default": true
            }
          ],
          "store_path": "/nix/store/s38075cwda5rphch36sp2rcqhx1sj11v-nushell-0.96.1"
        },
        "aarch64-linux": {
          "outputs": [
            {
              "name": "out",
              "path": "/nix/store/hxw7migcz0ljqaa431ppwj56ghvgwhh6-nushell-0.96.1",
              "default": true
            }
          ],
          "store_path": "/nix/store/hxw7migcz0ljqaa431ppwj56ghvgwhh6-nushell-0.96.1"
        },
        "x86_64-darwin": {
          "outputs": [
            {
              "name": "out",
              "path": "/nix/store/mrmxxb99yy9ghg43n22569j1dc6466lk-nushell-0.96.1",
              "default": true
            }
          ],
          "store_path": "/nix/store/mrmxxb99yy9ghg43n22569j1dc6466lk-nushell-0.96.1"
        },
        "x86_64-linux": {
          "outputs": [
            {
              "name": "out",
              "path": "/nix/store/q83hxz68rxfk720avrlhsw4rd4qqyapk-nushell-0.96.1",
              "default": true
            }
          ],
          "store_path": "/nix/store/q83hxz68rxfk720avrlhsw4rd4qqyapk-nushell-0.96.1"
        }
      }
    },
    "wget@latest": {
      "last_modified": "2024-07-31T08:48:38Z",
      "resolved": "github:NixOS/nixpkgs/c3392ad349a5227f4a3464dce87bcc5046692fce#wget",
      "source": "devbox-search",
      "version": "1.24.5",
      "systems": {
        "aarch64-darwin": {
          "outputs": [
            {
              "name": "out",
              "path": "/nix/store/mdnwfhd3irn9i2vpdi0dnbyls69bd6f5-wget-1.24.5",
              "default": true
            }
          ],
          "store_path": "/nix/store/mdnwfhd3irn9i2vpdi0dnbyls69bd6f5-wget-1.24.5"
        },
        "aarch64-linux": {
          "outputs": [
            {
              "name": "out",
              "path": "/nix/store/llggbhd6n98xrb9d7js2hr76pdm5ram6-wget-1.24.5",
              "default": true
            }
          ],
          "store_path": "/nix/store/llggbhd6n98xrb9d7js2hr76pdm5ram6-wget-1.24.5"
        },
        "x86_64-darwin": {
          "outputs": [
            {
              "name": "out",
              "path": "/nix/store/6dqz7wd9bs6x2hm38vvvcb8wypkwh7ns-wget-1.24.5",
              "default": true
            }
          ],
          "store_path": "/nix/store/6dqz7wd9bs6x2hm38vvvcb8wypkwh7ns-wget-1.24.5"
        },
        "x86_64-linux": {
          "outputs": [
            {
              "name": "out",
              "path": "/nix/store/8zz13nkg17nx2z4z08vwrihp7ni5kgzn-wget-1.24.5",
              "default": true
            }
          ],
          "store_path": "/nix/store/8zz13nkg17nx2z4z08vwrihp7ni5kgzn-wget-1.24.5"
        }
      }
    }
  }
}
